PODS:
  - Alamofire (4.7.1)
  - Crashlytics (3.10.1):
    - Fabric (~> 1.7.5)
  - Fabric (1.7.6)
  - Kingfisher (4.7.0)
  - MJRefresh (3.1.15.3)
  - SnapKit (4.0.0)
  - SVProgressHUD (2.2.5)
  - SwiftyJSON (4.0.0)

DEPENDENCIES:
  - Alamofire (~> 4.5)
  - Crashlytics
  - Fabric
  - Kingfisher (~> 4.0)
  - MJRefresh
  - SnapKit (~> 4.0.0)
  - SVProgressHUD
  - SwiftyJSON

SPEC CHECKSUMS:
  Alamofire: 68d7d521118d49c615a8d2214d87cdf525599d30
  Crashlytics: aee1a064cbbf99b32efa3f056a5f458d846bc8ff
  Fabric: f8d42c893bb187326a7968b62abe55c36a987a46
  Kingfisher: da6b005aa96d37698e3e4f1ccfe96a5b9bbf27d6
  MJRefresh: b48380ae2b927b46c4ef000de9adb8dc748e1df7
  SnapKit: a42d492c16e80209130a3379f73596c3454b7694
  SVProgressHUD: 1428aafac632c1f86f62aa4243ec12008d7a51d6
  SwiftyJSON: 070dabdcb1beb81b247c65ffa3a79dbbfb3b48aa

PODFILE CHECKSUM: 0ebe8ad0a6ea9aaf61438ddf6b5ada10f7161277

COCOAPODS: 1.4.0
